// !$*UTF8*$!
{
	archiveVersion = 1;
	classes = {
	};
	objectVersion = 50;
	objects = {

/* Begin PBXBuildFile section */
		750F527022AD8A7800417EE4 /* FeaturedPodcastsRow.swift in Sources */ = {isa = PBXBuildFile; fileRef = 750F526F22AD8A7800417EE4 /* FeaturedPodcastsRow.swift */; };
		750F527222ADBC4800417EE4 /* CategoriesGrid.swift in Sources */ = {isa = PBXBuildFile; fileRef = 750F527122ADBC4800417EE4 /* CategoriesGrid.swift */; };
		752388B822A6AEFD0014A5FA /* AppDelegate.swift in Sources */ = {isa = PBXBuildFile; fileRef = 752388B722A6AEFD0014A5FA /* AppDelegate.swift */; };
		752388BA22A6AEFD0014A5FA /* SceneDelegate.swift in Sources */ = {isa = PBXBuildFile; fileRef = 752388B922A6AEFD0014A5FA /* SceneDelegate.swift */; };
		752388BC22A6AEFD0014A5FA /* ContentView.swift in Sources */ = {isa = PBXBuildFile; fileRef = 752388BB22A6AEFD0014A5FA /* ContentView.swift */; };
		752388BE22A6AF000014A5FA /* Assets.xcassets in Resources */ = {isa = PBXBuildFile; fileRef = 752388BD22A6AF000014A5FA /* Assets.xcassets */; };
		752388C122A6AF000014A5FA /* Preview Assets.xcassets in Resources */ = {isa = PBXBuildFile; fileRef = 752388C022A6AF000014A5FA /* Preview Assets.xcassets */; };
		752388C422A6AF000014A5FA /* LaunchScreen.storyboard in Resources */ = {isa = PBXBuildFile; fileRef = 752388C222A6AF000014A5FA /* LaunchScreen.storyboard */; };
		75DBCD5F22AD55BC00C136F2 /* PopularPodcastsRow.swift in Sources */ = {isa = PBXBuildFile; fileRef = 75DBCD5E22AD55BC00C136F2 /* PopularPodcastsRow.swift */; };
		75DBCD6522AD56D600C136F2 /* podcast_directory.json in Resources */ = {isa = PBXBuildFile; fileRef = 75DBCD6422AD56D600C136F2 /* podcast_directory.json */; };
		75DBCD6722AD697900C136F2 /* PodcastDirectory.swift in Sources */ = {isa = PBXBuildFile; fileRef = 75DBCD6622AD697900C136F2 /* PodcastDirectory.swift */; };
/* End PBXBuildFile section */

/* Begin PBXFileReference section */
		750F526F22AD8A7800417EE4 /* FeaturedPodcastsRow.swift */ = {isa = PBXFileReference; lastKnownFileType = sourcecode.swift; path = FeaturedPodcastsRow.swift; sourceTree = "<group>"; };
		750F527122ADBC4800417EE4 /* CategoriesGrid.swift */ = {isa = PBXFileReference; lastKnownFileType = sourcecode.swift; path = CategoriesGrid.swift; sourceTree = "<group>"; };
		752388B422A6AEFD0014A5FA /* iHeartRadioSwiftUI.app */ = {isa = PBXFileReference; explicitFileType = wrapper.application; includeInIndex = 0; path = iHeartRadioSwiftUI.app; sourceTree = BUILT_PRODUCTS_DIR; };
		752388B722A6AEFD0014A5FA /* AppDelegate.swift */ = {isa = PBXFileReference; lastKnownFileType = sourcecode.swift; path = AppDelegate.swift; sourceTree = "<group>"; };
		752388B922A6AEFD0014A5FA /* SceneDelegate.swift */ = {isa = PBXFileReference; lastKnownFileType = sourcecode.swift; path = SceneDelegate.swift; sourceTree = "<group>"; };
		752388BB22A6AEFD0014A5FA /* ContentView.swift */ = {isa = PBXFileReference; lastKnownFileType = sourcecode.swift; path = ContentView.swift; sourceTree = "<group>"; };
		752388BD22A6AF000014A5FA /* Assets.xcassets */ = {isa = PBXFileReference; lastKnownFileType = folder.assetcatalog; path = Assets.xcassets; sourceTree = "<group>"; };
		752388C022A6AF000014A5FA /* Preview Assets.xcassets */ = {isa = PBXFileReference; lastKnownFileType = folder.assetcatalog; path = "Preview Assets.xcassets"; sourceTree = "<group>"; };
		752388C322A6AF000014A5FA /* Base */ = {isa = PBXFileReference; lastKnownFileType = file.storyboard; name = Base; path = Base.lproj/LaunchScreen.storyboard; sourceTree = "<group>"; };
		752388C522A6AF010014A5FA /* Info.plist */ = {isa = PBXFileReference; lastKnownFileType = text.plist.xml; path = Info.plist; sourceTree = "<group>"; };
		75DBCD5E22AD55BC00C136F2 /* PopularPodcastsRow.swift */ = {isa = PBXFileReference; lastKnownFileType = sourcecode.swift; path = PopularPodcastsRow.swift; sourceTree = "<group>"; };
		75DBCD6422AD56D600C136F2 /* podcast_directory.json */ = {isa = PBXFileReference; lastKnownFileType = text.json; path = podcast_directory.json; sourceTree = "<group>"; };
		75DBCD6622AD697900C136F2 /* PodcastDirectory.swift */ = {isa = PBXFileReference; lastKnownFileType = sourcecode.swift; path = PodcastDirectory.swift; sourceTree = "<group>"; };
/* End PBXFileReference section */

/* Begin PBXFrameworksBuildPhase section */
		752388B122A6AEFD0014A5FA /* Frameworks */ = {
			isa = PBXFrameworksBuildPhase;
			buildActionMask = 2147483647;
			files = (
			);
			runOnlyForDeploymentPostprocessing = 0;
		};
/* End PBXFrameworksBuildPhase section */

/* Begin PBXGroup section */
		752388AB22A6AEFD0014A5FA = {
			isa = PBXGroup;
			children = (
				752388B622A6AEFD0014A5FA /* iHeartRadioSwiftUI */,
				752388B522A6AEFD0014A5FA /* Products */,
			);
			sourceTree = "<group>";
		};
		752388B522A6AEFD0014A5FA /* Products */ = {
			isa = PBXGroup;
			children = (
				752388B422A6AEFD0014A5FA /* iHeartRadioSwiftUI.app */,
			);
			name = Products;
			sourceTree = "<group>";
		};
		752388B622A6AEFD0014A5FA /* iHeartRadioSwiftUI */ = {
			isa = PBXGroup;
			children = (
				75DBCD6322AD56B300C136F2 /* Data */,
				75DBCD6022AD562900C136F2 /* Models */,
				75DBCD5B22AD52D700C136F2 /* Controls */,
				752388B722A6AEFD0014A5FA /* AppDelegate.swift */,
				752388B922A6AEFD0014A5FA /* SceneDelegate.swift */,
				752388BB22A6AEFD0014A5FA /* ContentView.swift */,
				752388BD22A6AF000014A5FA /* Assets.xcassets */,
				752388C222A6AF000014A5FA /* LaunchScreen.storyboard */,
				752388C522A6AF010014A5FA /* Info.plist */,
				752388BF22A6AF000014A5FA /* Preview Content */,
			);
			path = iHeartRadioSwiftUI;
			sourceTree = "<group>";
		};
		752388BF22A6AF000014A5FA /* Preview Content */ = {
			isa = PBXGroup;
			children = (
				752388C022A6AF000014A5FA /* Preview Assets.xcassets */,
			);
			path = "Preview Content";
			sourceTree = "<group>";
		};
		75DBCD5B22AD52D700C136F2 /* Controls */ = {
			isa = PBXGroup;
			children = (
				75DBCD5E22AD55BC00C136F2 /* PopularPodcastsRow.swift */,
				750F526F22AD8A7800417EE4 /* FeaturedPodcastsRow.swift */,
				750F527122ADBC4800417EE4 /* CategoriesGrid.swift */,
			);
			path = Controls;
			sourceTree = "<group>";
		};
		75DBCD6022AD562900C136F2 /* Models */ = {
			isa = PBXGroup;
			children = (
				75DBCD6622AD697900C136F2 /* PodcastDirectory.swift */,
			);
			path = Models;
			sourceTree = "<group>";
		};
		75DBCD6322AD56B300C136F2 /* Data */ = {
			isa = PBXGroup;
			children = (
				75DBCD6422AD56D600C136F2 /* podcast_directory.json */,
			);
			path = Data;
			sourceTree = "<group>";
		};
/* End PBXGroup section */

/* Begin PBXNativeTarget section */
		752388B322A6AEFD0014A5FA /* iHeartRadioSwiftUI */ = {
			isa = PBXNativeTarget;
			buildConfigurationList = 752388C822A6AF010014A5FA /* Build configuration list for PBXNativeTarget "iHeartRadioSwiftUI" */;
			buildPhases = (
				752388B022A6AEFD0014A5FA /* Sources */,
				752388B122A6AEFD0014A5FA /* Frameworks */,
				752388B222A6AEFD0014A5FA /* Resources */,
			);
			buildRules = (
			);
			dependencies = (
			);
			name = iHeartRadioSwiftUI;
			productName = iHeartRadioSwiftUI;
			productReference = 752388B422A6AEFD0014A5FA /* iHeartRadioSwiftUI.app */;
			productType = "com.apple.product-type.application";
		};
/* End PBXNativeTarget section */

/* Begin PBXProject section */
		752388AC22A6AEFD0014A5FA /* Project object */ = {
			isa = PBXProject;
			attributes = {
				LastSwiftUpdateCheck = 1100;
				LastUpgradeCheck = 1100;
				ORGANIZATIONNAME = iHeartMedia;
				TargetAttributes = {
					752388B322A6AEFD0014A5FA = {
						CreatedOnToolsVersion = 11.0;
					};
				};
			};
			buildConfigurationList = 752388AF22A6AEFD0014A5FA /* Build configuration list for PBXProject "iHeartRadioSwiftUI" */;
			compatibilityVersion = "Xcode 9.3";
			developmentRegion = en;
			hasScannedForEncodings = 0;
			knownRegions = (
				en,
				Base,
			);
			mainGroup = 752388AB22A6AEFD0014A5FA;
			productRefGroup = 752388B522A6AEFD0014A5FA /* Products */;
			projectDirPath = "";
			projectRoot = "";
			targets = (
				752388B322A6AEFD0014A5FA /* iHeartRadioSwiftUI */,
			);
		};
/* End PBXProject section */

/* Begin PBXResourcesBuildPhase section */
		752388B222A6AEFD0014A5FA /* Resources */ = {
			isa = PBXResourcesBuildPhase;
			buildActionMask = 2147483647;
			files = (
				75DBCD6522AD56D600C136F2 /* podcast_directory.json in Resources */,
				752388C422A6AF000014A5FA /* LaunchScreen.storyboard in Resources */,
				752388C122A6AF000014A5FA /* Preview Assets.xcassets in Resources */,
				752388BE22A6AF000014A5FA /* Assets.xcassets in Resources */,
			);
			runOnlyForDeploymentPostprocessing = 0;
		};
/* End PBXResourcesBuildPhase section */

/* Begin PBXSourcesBuildPhase section */
		752388B022A6AEFD0014A5FA /* Sources */ = {
			isa = PBXSourcesBuildPhase;
			buildActionMask = 2147483647;
			files = (
				752388B822A6AEFD0014A5FA /* AppDelegate.swift in Sources */,
				752388BA22A6AEFD0014A5FA /* SceneDelegate.swift in Sources */,
				750F527222ADBC4800417EE4 /* CategoriesGrid.swift in Sources */,
				752388BC22A6AEFD0014A5FA /* ContentView.swift in Sources */,
				75DBCD5F22AD55BC00C136F2 /* PopularPodcastsRow.swift in Sources */,
				75DBCD6722AD697900C136F2 /* PodcastDirectory.swift in Sources */,
				750F527022AD8A7800417EE4 /* FeaturedPodcastsRow.swift in Sources */,
			);
			runOnlyForDeploymentPostprocessing = 0;
		};
/* End PBXSourcesBuildPhase section */

/* Begin PBXVariantGroup section */
		752388C222A6AF000014A5FA /* LaunchScreen.storyboard */ = {
			isa = PBXVariantGroup;
			children = (
				752388C322A6AF000014A5FA /* Base */,
			);
			name = LaunchScreen.storyboard;
			sourceTree = "<group>";
		};
/* End PBXVariantGroup section */

/* Begin XCBuildConfiguration section */
		752388C622A6AF010014A5FA /* Debug */ = {
			isa = XCBuildConfiguration;
			buildSettings = {
				ALWAYS_SEARCH_USER_PATHS = NO;
				CLANG_ANALYZER_NONNULL = YES;
				CLANG_ANALYZER_NUMBER_OBJECT_CONVERSION = YES_AGGRESSIVE;
				CLANG_CXX_LANGUAGE_STANDARD = "gnu++14";
				CLANG_CXX_LIBRARY = "libc++";
				CLANG_ENABLE_MODULES = YES;
				CLANG_ENABLE_OBJC_ARC = YES;
				CLANG_ENABLE_OBJC_WEAK = YES;
				CLANG_WARN_BLOCK_CAPTURE_AUTORELEASING = YES;
				CLANG_WARN_BOOL_CONVERSION = YES;
				CLANG_WARN_COMMA = YES;
				CLANG_WARN_CONSTANT_CONVERSION = YES;
				CLANG_WARN_DEPRECATED_OBJC_IMPLEMENTATIONS = YES;
				CLANG_WARN_DIRECT_OBJC_ISA_USAGE = YES_ERROR;
				CLANG_WARN_DOCUMENTATION_COMMENTS = YES;
				CLANG_WARN_EMPTY_BODY = YES;
				CLANG_WARN_ENUM_CONVERSION = YES;
				CLANG_WARN_INFINITE_RECURSION = YES;
				CLANG_WARN_INT_CONVERSION = YES;
				CLANG_WARN_NON_LITERAL_NULL_CONVERSION = YES;
				CLANG_WARN_OBJC_IMPLICIT_RETAIN_SELF = YES;
				CLANG_WARN_OBJC_LITERAL_CONVERSION = YES;
				CLANG_WARN_OBJC_ROOT_CLASS = YES_ERROR;
				CLANG_WARN_RANGE_LOOP_ANALYSIS = YES;
				CLANG_WARN_STRICT_PROTOTYPES = YES;
				CLANG_WARN_SUSPICIOUS_MOVE = YES;
				CLANG_WARN_UNGUARDED_AVAILABILITY = YES_AGGRESSIVE;
				CLANG_WARN_UNREACHABLE_CODE = YES;
				CLANG_WARN__DUPLICATE_METHOD_MATCH = YES;
				COPY_PHASE_STRIP = NO;
				DEBUG_INFORMATION_FORMAT = dwarf;
				ENABLE_STRICT_OBJC_MSGSEND = YES;
				ENABLE_TESTABILITY = YES;
				GCC_C_LANGUAGE_STANDARD = gnu11;
				GCC_DYNAMIC_NO_PIC = NO;
				GCC_NO_COMMON_BLOCKS = YES;
				GCC_OPTIMIZATION_LEVEL = 0;
				GCC_PREPROCESSOR_DEFINITIONS = (
					"DEBUG=1",
					"$(inherited)",
				);
				GCC_WARN_64_TO_32_BIT_CONVERSION = YES;
				GCC_WARN_ABOUT_RETURN_TYPE = YES_ERROR;
				GCC_WARN_UNDECLARED_SELECTOR = YES;
				GCC_WARN_UNINITIALIZED_AUTOS = YES_AGGRESSIVE;
				GCC_WARN_UNUSED_FUNCTION = YES;
				GCC_WARN_UNUSED_VARIABLE = YES;
				IPHONEOS_DEPLOYMENT_TARGET = 13.0;
				MTL_ENABLE_DEBUG_INFO = INCLUDE_SOURCE;
				MTL_FAST_MATH = YES;
				ONLY_ACTIVE_ARCH = YES;
				SDKROOT = iphoneos;
				SWIFT_ACTIVE_COMPILATION_CONDITIONS = DEBUG;
				SWIFT_OPTIMIZATION_LEVEL = "-Onone";
			};
			name = Debug;
		};
		752388C722A6AF010014A5FA /* Release */ = {
			isa = XCBuildConfiguration;
			buildSettings = {
				ALWAYS_SEARCH_USER_PATHS = NO;
				CLANG_ANALYZER_NONNULL = YES;
				CLANG_ANALYZER_NUMBER_OBJECT_CONVERSION = YES_AGGRESSIVE;
				CLANG_CXX_LANGUAGE_STANDARD = "gnu++14";
				CLANG_CXX_LIBRARY = "libc++";
				CLANG_ENABLE_MODULES = YES;
				CLANG_ENABLE_OBJC_ARC = YES;
				CLANG_ENABLE_OBJC_WEAK = YES;
				CLANG_WARN_BLOCK_CAPTURE_AUTORELEASING = YES;
				CLANG_WARN_BOOL_CONVERSION = YES;
				CLANG_WARN_COMMA = YES;
				CLANG_WARN_CONSTANT_CONVERSION = YES;
				CLANG_WARN_DEPRECATED_OBJC_IMPLEMENTATIONS = YES;
				CLANG_WARN_DIRECT_OBJC_ISA_USAGE = YES_ERROR;
				CLANG_WARN_DOCUMENTATION_COMMENTS = YES;
				CLANG_WARN_EMPTY_BODY = YES;
				CLANG_WARN_ENUM_CONVERSION = YES;
				CLANG_WARN_INFINITE_RECURSION = YES;
				CLANG_WARN_INT_CONVERSION = YES;
				CLANG_WARN_NON_LITERAL_NULL_CONVERSION = YES;
				CLANG_WARN_OBJC_IMPLICIT_RETAIN_SELF = YES;
				CLANG_WARN_OBJC_LITERAL_CONVERSION = YES;
				CLANG_WARN_OBJC_ROOT_CLASS = YES_ERROR;
				CLANG_WARN_RANGE_LOOP_ANALYSIS = YES;
				CLANG_WARN_STRICT_PROTOTYPES = YES;
				CLANG_WARN_SUSPICIOUS_MOVE = YES;
				CLANG_WARN_UNGUARDED_AVAILABILITY = YES_AGGRESSIVE;
				CLANG_WARN_UNREACHABLE_CODE = YES;
				CLANG_WARN__DUPLICATE_METHOD_MATCH = YES;
				COPY_PHASE_STRIP = NO;
				DEBUG_INFORMATION_FORMAT = "dwarf-with-dsym";
				ENABLE_NS_ASSERTIONS = NO;
				ENABLE_STRICT_OBJC_MSGSEND = YES;
				GCC_C_LANGUAGE_STANDARD = gnu11;
				GCC_NO_COMMON_BLOCKS = YES;
				GCC_WARN_64_TO_32_BIT_CONVERSION = YES;
				GCC_WARN_ABOUT_RETURN_TYPE = YES_ERROR;
				GCC_WARN_UNDECLARED_SELECTOR = YES;
				GCC_WARN_UNINITIALIZED_AUTOS = YES_AGGRESSIVE;
				GCC_WARN_UNUSED_FUNCTION = YES;
				GCC_WARN_UNUSED_VARIABLE = YES;
				IPHONEOS_DEPLOYMENT_TARGET = 13.0;
				MTL_ENABLE_DEBUG_INFO = NO;
				MTL_FAST_MATH = YES;
				SDKROOT = iphoneos;
				SWIFT_COMPILATION_MODE = wholemodule;
				SWIFT_OPTIMIZATION_LEVEL = "-O";
				VALIDATE_PRODUCT = YES;
			};
			name = Release;
		};
		752388C922A6AF010014A5FA /* Debug */ = {
			isa = XCBuildConfiguration;
			buildSettings = {
				ASSETCATALOG_COMPILER_APPICON_NAME = AppIcon;
				CODE_SIGN_STYLE = Automatic;
				DEVELOPMENT_ASSET_PATHS = "iHeartRadioSwiftUI/Preview\\ Content";
				DEVELOPMENT_TEAM = 84LWHNDQ7W;
				ENABLE_PREVIEWS = YES;
				INFOPLIST_FILE = iHeartRadioSwiftUI/Info.plist;
				LD_RUNPATH_SEARCH_PATHS = (
					"$(inherited)",
					"@executable_path/Frameworks",
				);
				PRODUCT_BUNDLE_IDENTIFIER = com.iheartmedia.iHeartRadioSwiftUI;
				PRODUCT_NAME = "$(TARGET_NAME)";
				SWIFT_VERSION = 5.0;
				TARGETED_DEVICE_FAMILY = "1,2";
			};
			name = Debug;
		};
		752388CA22A6AF010014A5FA /* Release */ = {
			isa = XCBuildConfiguration;
			buildSettings = {
				ASSETCATALOG_COMPILER_APPICON_NAME = AppIcon;
				CODE_SIGN_STYLE = Automatic;
				DEVELOPMENT_ASSET_PATHS = "iHeartRadioSwiftUI/Preview\\ Content";
				DEVELOPMENT_TEAM = 84LWHNDQ7W;
				ENABLE_PREVIEWS = YES;
				INFOPLIST_FILE = iHeartRadioSwiftUI/Info.plist;
				LD_RUNPATH_SEARCH_PATHS = (
					"$(inherited)",
					"@executable_path/Frameworks",
				);
				PRODUCT_BUNDLE_IDENTIFIER = com.iheartmedia.iHeartRadioSwiftUI;
				PRODUCT_NAME = "$(TARGET_NAME)";
				SWIFT_VERSION = 5.0;
				TARGETED_DEVICE_FAMILY = "1,2";
			};
			name = Release;
		};
/* End XCBuildConfiguration section */

/* Begin XCConfigurationList section */
		752388AF22A6AEFD0014A5FA /* Build configuration list for PBXProject "iHeartRadioSwiftUI" */ = {
			isa = XCConfigurationList;
			buildConfigurations = (
				752388C622A6AF010014A5FA /* Debug */,
				752388C722A6AF010014A5FA /* Release */,
			);
			defaultConfigurationIsVisible = 0;
			defaultConfigurationName = Release;
		};
		752388C822A6AF010014A5FA /* Build configuration list for PBXNativeTarget "iHeartRadioSwiftUI" */ = {
			isa = XCConfigurationList;
			buildConfigurations = (
				752388C922A6AF010014A5FA /* Debug */,
				752388CA22A6AF010014A5FA /* Release */,
			);
			defaultConfigurationIsVisible = 0;
			defaultConfigurationName = Release;
		};
/* End XCConfigurationList section */
	};
	rootObject = 752388AC22A6AEFD0014A5FA /* Project object */;
}
